
Microsoft Visual Studio Solution File, Format Version 12.00
# Visual Studio Version 16
VisualStudioVersion = 16.0.29609.76
MinimumVisualStudioVersion = 10.0.40219.1
Project("{FAE04EC0-301F-11D3-BF4B-00C04F79EFBC}") = "MEDIDEA.UI", "MEDIDEA.UI\MEDIDEA.UI.csproj", "{003828B0-095D-4D51-9C44-1C7C059D5779}"
EndProject
Project("{FAE04EC0-301F-11D3-BF4B-00C04F79EFBC}") = "MEDIDEA.Application", "MEDIDEA.Application\MEDIDEA.Application.csproj", "{600CF52C-65D6-4A8E-AA62-AB35A6E790FB}"
EndProject
Project("{FAE04EC0-301F-11D3-BF4B-00C04F79EFBC}") = "MEDIDEA.Infrastructure", "MEDIDEA.Infrastructure\MEDIDEA.Infrastructure.csproj", "{991E24AB-0C9E-4D6C-B684-FCEBBD59E3E7}"
EndProject
Project("{FAE04EC0-301F-11D3-BF4B-00C04F79EFBC}") = "MEDIDEA.Core", "MEDIDEA.Core\MEDIDEA.Core.csproj", "{B75C841F-F0EA-47CF-8D99-AB56363F1424}"
EndProject
Project("{FAE04EC0-301F-11D3-BF4B-00C04F79EFBC}") = "MEDIDEA.Domain", "MEDIDEA.Domain\MEDIDEA.Domain.csproj", "{E1444A2E-7231-454D-B727-2A20E1F820D9}"
EndProject
Global
	GlobalSection(SolutionConfigurationPlatforms) = preSolution
		Debug|Any CPU = Debug|Any CPU
		Release|Any CPU = Release|Any CPU
	EndGlobalSection
	GlobalSection(ProjectConfigurationPlatforms) = postSolution
		{003828B0-095D-4D51-9C44-1C7C059D5779}.Debug|Any CPU.ActiveCfg = Debug|Any CPU
		{003828B0-095D-4D51-9C44-1C7C059D5779}.Debug|Any CPU.Build.0 = Debug|Any CPU
		{003828B0-095D-4D51-9C44-1C7C059D5779}.Release|Any CPU.ActiveCfg = Release|Any CPU
		{003828B0-095D-4D51-9C44-1C7C059D5779}.Release|Any CPU.Build.0 = Release|Any CPU
		{600CF52C-65D6-4A8E-AA62-AB35A6E790FB}.Debug|Any CPU.ActiveCfg = Debug|Any CPU
		{600CF52C-65D6-4A8E-AA62-AB35A6E790FB}.Debug|Any CPU.Build.0 = Debug|Any CPU
		{600CF52C-65D6-4A8E-AA62-AB35A6E790FB}.Release|Any CPU.ActiveCfg = Release|Any CPU
		{600CF52C-65D6-4A8E-AA62-AB35A6E790FB}.Release|Any CPU.Build.0 = Release|Any CPU
		{991E24AB-0C9E-4D6C-B684-FCEBBD59E3E7}.Debug|Any CPU.ActiveCfg = Debug|Any CPU
		{991E24AB-0C9E-4D6C-B684-FCEBBD59E3E7}.Debug|Any CPU.Build.0 = Debug|Any CPU
		{991E24AB-0C9E-4D6C-B684-FCEBBD59E3E7}.Release|Any CPU.ActiveCfg = Release|Any CPU
		{991E24AB-0C9E-4D6C-B684-FCEBBD59E3E7}.Release|Any CPU.Build.0 = Release|Any CPU
		{B75C841F-F0EA-47CF-8D99-AB56363F1424}.Debug|Any CPU.ActiveCfg = Debug|Any CPU
		{B75C841F-F0EA-47CF-8D99-AB56363F1424}.Debug|Any CPU.Build.0 = Debug|Any CPU
		{B75C841F-F0EA-47CF-8D99-AB56363F1424}.Release|Any CPU.ActiveCfg = Release|Any CPU
		{B75C841F-F0EA-47CF-8D99-AB56363F1424}.Release|Any CPU.Build.0 = Release|Any CPU
		{E1444A2E-7231-454D-B727-2A20E1F820D9}.Debug|Any CPU.ActiveCfg = Debug|Any CPU
		{E1444A2E-7231-454D-B727-2A20E1F820D9}.Debug|Any CPU.Build.0 = Debug|Any CPU
		{E1444A2E-7231-454D-B727-2A20E1F820D9}.Release|Any CPU.ActiveCfg = Release|Any CPU
		{E1444A2E-7231-454D-B727-2A20E1F820D9}.Release|Any CPU.Build.0 = Release|Any CPU
	EndGlobalSection
	GlobalSection(SolutionProperties) = preSolution
		HideSolutionNode = FALSE
	EndGlobalSection
	GlobalSection(ExtensibilityGlobals) = postSolution
		SolutionGuid = {31E6082A-570C-489E-9208-F61F5B4F9DAB}
	EndGlobalSection
EndGlobal
